<?xml version="1.0" encoding="utf-8"?>
<Project ToolsVersion="4.0" xmlns="http://schemas.microsoft.com/developer/msbuild/2003">
  <ItemGroup>
    <Filter Include="Source Files">
      <UniqueIdentifier>{4FC737F1-C7A5-4376-A066-2A32D752A2FF}</UniqueIdentifier>
      <Extensions>cpp;c;cc;cxx;c++;cppm;ixx;def;odl;idl;hpj;bat;asm;asmx</Extensions>
    </Filter>
    <Filter Include="Header Files">
      <UniqueIdentifier>{93995380-89BD-4b04-88EB-625FBE52EBFB}</UniqueIdentifier>
      <Extensions>h;hh;hpp;hxx;h++;hm;inl;inc;ipp;xsd</Extensions>
    </Filter>
    <Filter Include="Resource Files">
      <UniqueIdentifier>{67DA6AB6-F800-4c08-8B7A-83BB121AAD01}</UniqueIdentifier>
      <Extensions>rc;ico;cur;bmp;dlg;rc2;rct;bin;rgs;gif;jpg;jpeg;jpe;resx;tiff;tif;png;wav;mfcribbon-ms</Extensions>
    </Filter>
    <Filter Include="Source Files\main">
      <UniqueIdentifier>{ad34450d-a192-4f84-a613-f6a8a591ba2e}</UniqueIdentifier>
    </Filter>
    <Filter Include="Header Files\main">
      <UniqueIdentifier>{51656f14-26c2-4225-98dc-efc8d7abb681}</UniqueIdentifier>
    </Filter>
    <Filter Include="Header Files\main\entity">
      <UniqueIdentifier>{9de9a810-0ada-494b-a5ac-2222d5a4eb6c}</UniqueIdentifier>
    </Filter>
    <Filter Include="Source Files\main\entity">
      <UniqueIdentifier>{1c66ba6b-92ba-4b84-9ce2-bfd2c6c9e1e4}</UniqueIdentifier>
    </Filter>
  </ItemGroup>
  <ItemGroup>
    <ClCompile Include="FileUtil.cpp">
      <Filter>Source Files\main</Filter>
    </ClCompile>
    <ClCompile Include="GameStates.cpp">
      <Filter>Source Files\main</Filter>
    </ClCompile>
    <ClCompile Include="GoreLike.cpp">
      <Filter>Source Files\main</Filter>
    </ClCompile>
    <ClCompile Include="MapSystem.cpp">
      <Filter>Source Files\main</Filter>
    </ClCompile>
    <ClCompile Include="SystemClasses.cpp">
      <Filter>Source Files\main</Filter>
    </ClCompile>
    <ClCompile Include="tiled_map_util.cpp">
      <Filter>Source Files\main</Filter>
    </ClCompile>
    <ClCompile Include="MapComponents.cpp">
      <Filter>Source Files\main</Filter>
    </ClCompile>
    <ClCompile Include="entity_stats.cpp">
      <Filter>Source Files\main\entity</Filter>
    </ClCompile>
    <ClCompile Include="entity_ai.cpp">
      <Filter>Source Files\main\entity</Filter>
    </ClCompile>
    <ClCompile Include="entity_ai_system.cpp">
      <Filter>Source Files\main\entity</Filter>
    </ClCompile>
  </ItemGroup>
  <ItemGroup>
    <ClInclude Include="..\..\..\..\Documents\Entt Include File\entt.hpp">
      <Filter>Header Files</Filter>
    </ClInclude>
    <ClInclude Include="FileUtil.h">
      <Filter>Header Files\main</Filter>
    </ClInclude>
    <ClInclude Include="GameStates.h">
      <Filter>Header Files\main</Filter>
    </ClInclude>
    <ClInclude Include="MapSystem.h">
      <Filter>Header Files\main</Filter>
    </ClInclude>
    <ClInclude Include="RandomUtil.h">
      <Filter>Header Files\main</Filter>
    </ClInclude>
    <ClInclude Include="SystemClasses.h">
      <Filter>Header Files\main</Filter>
    </ClInclude>
    <ClInclude Include="tiled_map_util.h">
      <Filter>Header Files\main</Filter>
    </ClInclude>
    <ClInclude Include="MapComponents.h">
      <Filter>Header Files\main</Filter>
    </ClInclude>
    <ClInclude Include="entity_stats.h">
      <Filter>Header Files\main\entity</Filter>
    </ClInclude>
    <ClInclude Include="entity_ai.h">
      <Filter>Header Files\main\entity</Filter>
    </ClInclude>
    <ClInclude Include="entity_ai_system.h">
      <Filter>Header Files\main\entity</Filter>
    </ClInclude>
  </ItemGroup>
</Project>